
Microsoft Visual Studio Solution File, Format Version 12.00
# Visual Studio Version 16
VisualStudioVersion = 16.0.31729.503
MinimumVisualStudioVersion = 10.0.40219.1
Project("{FAE04EC0-301F-11D3-BF4B-00C04F79EFBC}") = "Task1.02", "Task1.02\Task1.02.csproj", "{E2DF2B4B-069E-4D51-BDAE-793BE23B7DE0}"
EndProject
Global
	GlobalSection(SolutionConfigurationPlatforms) = preSolution
		Debug|Any CPU = Debug|Any CPU
		Release|Any CPU = Release|Any CPU
	EndGlobalSection
	GlobalSection(ProjectConfigurationPlatforms) = postSolution
		{E2DF2B4B-069E-4D51-BDAE-793BE23B7DE0}.Debug|Any CPU.ActiveCfg = Debug|Any CPU
		{E2DF2B4B-069E-4D51-BDAE-793BE23B7DE0}.Debug|Any CPU.Build.0 = Debug|Any CPU
		{E2DF2B4B-069E-4D51-BDAE-793BE23B7DE0}.Release|Any CPU.ActiveCfg = Release|Any CPU
		{E2DF2B4B-069E-4D51-BDAE-793BE23B7DE0}.Release|Any CPU.Build.0 = Release|Any CPU
	EndGlobalSection
	GlobalSection(SolutionProperties) = preSolution
		HideSolutionNode = FALSE
	EndGlobalSection
	GlobalSection(ExtensibilityGlobals) = postSolution
		SolutionGuid = {0E3D3846-9FEA-4316-B243-1FAFCA6ACC30}
	EndGlobalSection
EndGlobal
